
Microsoft Visual Studio Solution File, Format Version 12.00
# Visual Studio 2013
VisualStudioVersion = 12.0.21005.1
MinimumVisualStudioVersion = 10.0.40219.1
Project("{159641D6-6404-4A2A-AE62-294DE0FE8301}") = "etl_spaceman_warehouse", "etl_spaceman_warehouse\etl_spaceman_warehouse.dtproj", "{281FED8B-CA00-425A-BD99-602F763D3BF4}"
EndProject
Global
	GlobalSection(SolutionConfigurationPlatforms) = preSolution
		Debug|Any CPU = Debug|Any CPU
		Development|Any CPU = Development|Any CPU
		Release|Any CPU = Release|Any CPU
	EndGlobalSection
	GlobalSection(ProjectConfigurationPlatforms) = postSolution
		{281FED8B-CA00-425A-BD99-602F763D3BF4}.Debug|Any CPU.ActiveCfg = Development
		{281FED8B-CA00-425A-BD99-602F763D3BF4}.Debug|Any CPU.Build.0 = Development
		{281FED8B-CA00-425A-BD99-602F763D3BF4}.Development|Any CPU.ActiveCfg = Development
		{281FED8B-CA00-425A-BD99-602F763D3BF4}.Development|Any CPU.Build.0 = Development
		{281FED8B-CA00-425A-BD99-602F763D3BF4}.Release|Any CPU.ActiveCfg = Development
		{281FED8B-CA00-425A-BD99-602F763D3BF4}.Release|Any CPU.Build.0 = Development
	EndGlobalSection
	GlobalSection(SolutionProperties) = preSolution
		HideSolutionNode = FALSE
	EndGlobalSection
EndGlobal
